
Microsoft Visual Studio Solution File, Format Version 12.00
# Visual Studio Version 17
VisualStudioVersion = 17.7.34221.43
MinimumVisualStudioVersion = 10.0.40219.1
Project("{FAE04EC0-301F-11D3-BF4B-00C04F79EFBC}") = "Redactor", "Redactor\Redactor.csproj", "{481E1124-9EA1-4AEB-804E-6AB003FB2D22}"
EndProject
Global
	GlobalSection(SolutionConfigurationPlatforms) = preSolution
		Debug|Any CPU = Debug|Any CPU
		Release|Any CPU = Release|Any CPU
	EndGlobalSection
	GlobalSection(ProjectConfigurationPlatforms) = postSolution
		{481E1124-9EA1-4AEB-804E-6AB003FB2D22}.Debug|Any CPU.ActiveCfg = Debug|Any CPU
		{481E1124-9EA1-4AEB-804E-6AB003FB2D22}.Debug|Any CPU.Build.0 = Debug|Any CPU
		{481E1124-9EA1-4AEB-804E-6AB003FB2D22}.Release|Any CPU.ActiveCfg = Release|Any CPU
		{481E1124-9EA1-4AEB-804E-6AB003FB2D22}.Release|Any CPU.Build.0 = Release|Any CPU
	EndGlobalSection
	GlobalSection(SolutionProperties) = preSolution
		HideSolutionNode = FALSE
	EndGlobalSection
	GlobalSection(ExtensibilityGlobals) = postSolution
		SolutionGuid = {053766E9-0531-427E-9DA3-7DAF69C613B2}
	EndGlobalSection
EndGlobal
